{
  "version": 4,
  "terraform_version": "1.11.4",
  "serial": 12,
  "lineage": "f448c8ce-9a5b-6b70-541e-a9e5eba1ba8f",
  "outputs": {},
  "resources": [
    {
      "module": "module.aks",
      "mode": "data",
      "type": "azurerm_container_registry",
      "name": "datacontainerregistry",
      "provider": "provider[\"registry.terraform.io/hashicorp/azurerm\"]",
      "instances": []
    },
    {
      "module": "module.application_gateway",
      "mode": "data",
      "type": "azurerm_public_ip",
      "name": "datapip",
      "provider": "provider[\"registry.terraform.io/hashicorp/azurerm\"]",
      "instances": [
        {
          "index_key": "appgw1",
          "schema_version": 0,
          "attributes": {
            "allocation_method": "Static",
            "ddos_protection_mode": "VirtualNetworkInherited",
            "ddos_protection_plan_id": null,
            "domain_name_label": "",
            "fqdn": "",
            "id": "/subscriptions/e5efa2cd-02a5-4c7b-be99-6e2ae6d5feac/resourceGroups/todo-aks-rg/providers/Microsoft.Network/publicIPAddresses/todo-aks-pip",
            "idle_timeout_in_minutes": 4,
            "ip_address": "20.253.247.71",
            "ip_tags": {},
            "ip_version": "IPv4",
            "location": "westus",
            "name": "todo-aks-pip",
            "resource_group_name": "todo-aks-rg",
            "reverse_fqdn": "",
            "sku": "Standard",
            "tags": {
              "App": "todo-aks",
              "Env": "dev"
            },
            "timeouts": null,
            "zones": []
          },
          "sensitive_attributes": []
        }
      ]
    },
    {
      "module": "module.application_gateway",
      "mode": "data",
      "type": "azurerm_subnet",
      "name": "datasubnet",
      "provider": "provider[\"registry.terraform.io/hashicorp/azurerm\"]",
      "instances": [
        {
          "index_key": "appgw1",
          "schema_version": 0,
          "attributes": {
            "address_prefix": "10.0.2.0/24",
            "address_prefixes": [
              "10.0.2.0/24"
            ],
            "default_outbound_access_enabled": true,
            "id": "/subscriptions/e5efa2cd-02a5-4c7b-be99-6e2ae6d5feac/resourceGroups/todo-aks-rg/providers/Microsoft.Network/virtualNetworks/todo-aks-vnet/subnets/appgw-subnet",
            "name": "appgw-subnet",
            "network_security_group_id": "",
            "private_endpoint_network_policies": "Disabled",
            "private_link_service_network_policies_enabled": true,
            "resource_group_name": "todo-aks-rg",
            "route_table_id": "",
            "service_endpoints": [],
            "timeouts": null,
            "virtual_network_name": "todo-aks-vnet"
          },
          "sensitive_attributes": []
        }
      ]
    },
    {
      "module": "module.application_gateway",
      "mode": "managed",
      "type": "azurerm_application_gateway",
      "name": "App-Gateway",
      "provider": "provider[\"registry.terraform.io/hashicorp/azurerm\"]",
      "instances": [
        {
          "index_key": "appgw1",
          "schema_version": 0,
          "attributes": {
            "authentication_certificate": [],
            "autoscale_configuration": [],
            "backend_address_pool": [
              {
                "fqdns": [],
                "id": "/subscriptions/e5efa2cd-02a5-4c7b-be99-6e2ae6d5feac/resourceGroups/todo-aks-rg/providers/Microsoft.Network/applicationGateways/todo-aks-appgw/backendAddressPools/backendPool1",
                "ip_addresses": [],
                "name": "backendPool1"
              }
            ],
            "backend_http_settings": [
              {
                "affinity_cookie_name": "",
                "authentication_certificate": [],
                "connection_draining": [],
                "cookie_based_affinity": "Disabled",
                "host_name": "",
                "id": "/subscriptions/e5efa2cd-02a5-4c7b-be99-6e2ae6d5feac/resourceGroups/todo-aks-rg/providers/Microsoft.Network/applicationGateways/todo-aks-appgw/backendHttpSettingsCollection/httpSetting1",
                "name": "httpSetting1",
                "path": "/",
                "pick_host_name_from_backend_address": false,
                "port": 80,
                "probe_id": "",
                "probe_name": "",
                "protocol": "Http",
                "request_timeout": 60,
                "trusted_root_certificate_names": []
              }
            ],
            "custom_error_configuration": [],
            "enable_http2": false,
            "fips_enabled": false,
            "firewall_policy_id": "",
            "force_firewall_policy_association": false,
            "frontend_ip_configuration": [
              {
                "id": "/subscriptions/e5efa2cd-02a5-4c7b-be99-6e2ae6d5feac/resourceGroups/todo-aks-rg/providers/Microsoft.Network/applicationGateways/todo-aks-appgw/frontendIPConfigurations/frontendIPConfig1",
                "name": "frontendIPConfig1",
                "private_ip_address": "",
                "private_ip_address_allocation": "Dynamic",
                "private_link_configuration_id": "",
                "private_link_configuration_name": "",
                "public_ip_address_id": "/subscriptions/e5efa2cd-02a5-4c7b-be99-6e2ae6d5feac/resourceGroups/todo-aks-rg/providers/Microsoft.Network/publicIPAddresses/todo-aks-pip",
                "subnet_id": ""
              }
            ],
            "frontend_port": [
              {
                "id": "/subscriptions/e5efa2cd-02a5-4c7b-be99-6e2ae6d5feac/resourceGroups/todo-aks-rg/providers/Microsoft.Network/applicationGateways/todo-aks-appgw/frontendPorts/frontendPort1",
                "name": "frontendPort1",
                "port": 80
              }
            ],
            "gateway_ip_configuration": [
              {
                "id": "/subscriptions/e5efa2cd-02a5-4c7b-be99-6e2ae6d5feac/resourceGroups/todo-aks-rg/providers/Microsoft.Network/applicationGateways/todo-aks-appgw/gatewayIPConfigurations/appgw-ipconfig",
                "name": "appgw-ipconfig",
                "subnet_id": "/subscriptions/e5efa2cd-02a5-4c7b-be99-6e2ae6d5feac/resourceGroups/todo-aks-rg/providers/Microsoft.Network/virtualNetworks/todo-aks-vnet/subnets/appgw-subnet"
              }
            ],
            "global": [],
            "http_listener": [
              {
                "custom_error_configuration": [],
                "firewall_policy_id": "",
                "frontend_ip_configuration_id": "/subscriptions/e5efa2cd-02a5-4c7b-be99-6e2ae6d5feac/resourceGroups/todo-aks-rg/providers/Microsoft.Network/applicationGateways/todo-aks-appgw/frontendIPConfigurations/frontendIPConfig1",
                "frontend_ip_configuration_name": "frontendIPConfig1",
                "frontend_port_id": "/subscriptions/e5efa2cd-02a5-4c7b-be99-6e2ae6d5feac/resourceGroups/todo-aks-rg/providers/Microsoft.Network/applicationGateways/todo-aks-appgw/frontendPorts/frontendPort1",
                "frontend_port_name": "frontendPort1",
                "host_name": "",
                "host_names": [],
                "id": "/subscriptions/e5efa2cd-02a5-4c7b-be99-6e2ae6d5feac/resourceGroups/todo-aks-rg/providers/Microsoft.Network/applicationGateways/todo-aks-appgw/httpListeners/httpListener1",
                "name": "httpListener1",
                "protocol": "Http",
                "require_sni": false,
                "ssl_certificate_id": "",
                "ssl_certificate_name": "",
                "ssl_profile_id": "",
                "ssl_profile_name": ""
              }
            ],
            "id": "/subscriptions/e5efa2cd-02a5-4c7b-be99-6e2ae6d5feac/resourceGroups/todo-aks-rg/providers/Microsoft.Network/applicationGateways/todo-aks-appgw",
            "identity": [],
            "location": "westus",
            "name": "todo-aks-appgw",
            "private_endpoint_connection": [],
            "private_link_configuration": [],
            "probe": [],
            "redirect_configuration": [],
            "request_routing_rule": [
              {
                "backend_address_pool_id": "/subscriptions/e5efa2cd-02a5-4c7b-be99-6e2ae6d5feac/resourceGroups/todo-aks-rg/providers/Microsoft.Network/applicationGateways/todo-aks-appgw/backendAddressPools/backendPool1",
                "backend_address_pool_name": "backendPool1",
                "backend_http_settings_id": "/subscriptions/e5efa2cd-02a5-4c7b-be99-6e2ae6d5feac/resourceGroups/todo-aks-rg/providers/Microsoft.Network/applicationGateways/todo-aks-appgw/backendHttpSettingsCollection/httpSetting1",
                "backend_http_settings_name": "httpSetting1",
                "http_listener_id": "/subscriptions/e5efa2cd-02a5-4c7b-be99-6e2ae6d5feac/resourceGroups/todo-aks-rg/providers/Microsoft.Network/applicationGateways/todo-aks-appgw/httpListeners/httpListener1",
                "http_listener_name": "httpListener1",
                "id": "/subscriptions/e5efa2cd-02a5-4c7b-be99-6e2ae6d5feac/resourceGroups/todo-aks-rg/providers/Microsoft.Network/applicationGateways/todo-aks-appgw/requestRoutingRules/rule1",
                "name": "rule1",
                "priority": 9,
                "redirect_configuration_id": "",
                "redirect_configuration_name": "",
                "rewrite_rule_set_id": "",
                "rewrite_rule_set_name": "",
                "rule_type": "Basic",
                "url_path_map_id": "",
                "url_path_map_name": ""
              }
            ],
            "resource_group_name": "todo-aks-rg",
            "rewrite_rule_set": [],
            "sku": [
              {
                "capacity": 2,
                "name": "Standard_v2",
                "tier": "Standard_v2"
              }
            ],
            "ssl_certificate": [],
            "ssl_policy": [
              {
                "cipher_suites": [],
                "disabled_protocols": [],
                "min_protocol_version": "",
                "policy_name": "AppGwSslPolicy20220101",
                "policy_type": "Predefined"
              }
            ],
            "ssl_profile": [],
            "tags": {
              "App": "todo-aks",
              "Env": "dev"
            },
            "timeouts": null,
            "trusted_client_certificate": [],
            "trusted_root_certificate": [],
            "url_path_map": [],
            "waf_configuration": [],
            "zones": null
          },
          "sensitive_attributes": [],
          "private": "eyJlMmJmYjczMC1lY2FhLTExZTYtOGY4OC0zNDM2M2JjN2M0YzAiOnsiY3JlYXRlIjo1NDAwMDAwMDAwMDAwLCJkZWxldGUiOjU0MDAwMDAwMDAwMDAsInJlYWQiOjMwMDAwMDAwMDAwMCwidXBkYXRlIjo1NDAwMDAwMDAwMDAwfX0=",
          "dependencies": [
            "module.application_gateway.data.azurerm_public_ip.datapip",
            "module.application_gateway.data.azurerm_subnet.datasubnet",
            "module.public_ip.azurerm_public_ip.public_ip",
            "module.resource_group.azurerm_resource_group.RG",
            "module.virtual_network.azurerm_virtual_network.VNET"
          ]
        }
      ]
    },
    {
      "module": "module.azurerm_container_registry",
      "mode": "managed",
      "type": "azurerm_container_registry",
      "name": "ACR",
      "provider": "provider[\"registry.terraform.io/hashicorp/azurerm\"]",
      "instances": [
        {
          "index_key": "acr1",
          "schema_version": 2,
          "attributes": {
            "admin_enabled": false,
            "admin_password": "",
            "admin_username": "",
            "anonymous_pull_enabled": false,
            "data_endpoint_enabled": false,
            "data_endpoint_host_names": [],
            "encryption": [],
            "export_policy_enabled": true,
            "georeplications": [],
            "id": "/subscriptions/e5efa2cd-02a5-4c7b-be99-6e2ae6d5feac/resourceGroups/todo-aks-rg/providers/Microsoft.ContainerRegistry/registries/todoaksacrspsingh",
            "identity": [],
            "location": "westus",
            "login_server": "todoaksacrspsingh.azurecr.io",
            "name": "todoaksacrspsingh",
            "network_rule_bypass_option": "AzureServices",
            "network_rule_set": [],
            "public_network_access_enabled": true,
            "quarantine_policy_enabled": false,
            "resource_group_name": "todo-aks-rg",
            "retention_policy_in_days": 0,
            "sku": "Standard",
            "tags": {
              "App": "todo-aks",
              "Env": "dev"
            },
            "timeouts": null,
            "trust_policy_enabled": false,
            "zone_redundancy_enabled": false
          },
          "sensitive_attributes": [
            [
              {
                "type": "get_attr",
                "value": "admin_password"
              }
            ]
          ],
          "private": "eyJlMmJmYjczMC1lY2FhLTExZTYtOGY4OC0zNDM2M2JjN2M0YzAiOnsiY3JlYXRlIjoxODAwMDAwMDAwMDAwLCJkZWxldGUiOjE4MDAwMDAwMDAwMDAsInJlYWQiOjMwMDAwMDAwMDAwMCwidXBkYXRlIjoxODAwMDAwMDAwMDAwfSwic2NoZW1hX3ZlcnNpb24iOiIyIn0=",
          "dependencies": [
            "module.resource_group.azurerm_resource_group.RG"
          ]
        }
      ]
    },
    {
      "module": "module.mssql_databases",
      "mode": "data",
      "type": "azurerm_mssql_server",
      "name": "data-mssql-server",
      "provider": "provider[\"registry.terraform.io/hashicorp/azurerm\"]",
      "instances": [
        {
          "index_key": "mysqldb1",
          "schema_version": 0,
          "attributes": {
            "administrator_login": "achinta",
            "express_vulnerability_assessment_enabled": false,
            "fully_qualified_domain_name": "todo-aksmssqlserver007.database.windows.net",
            "id": "/subscriptions/e5efa2cd-02a5-4c7b-be99-6e2ae6d5feac/resourceGroups/todo-aks-rg/providers/Microsoft.Sql/servers/todo-aksmssqlserver007",
            "identity": [],
            "location": "westus",
            "name": "todo-aksmssqlserver007",
            "resource_group_name": "todo-aks-rg",
            "restorable_dropped_database_ids": [],
            "tags": {
              "App": "todo-aks",
              "Env": "dev"
            },
            "timeouts": null,
            "transparent_data_encryption_key_vault_key_id": "",
            "version": "12.0"
          },
          "sensitive_attributes": []
        }
      ]
    },
    {
      "module": "module.mssql_databases",
      "mode": "managed",
      "type": "azurerm_mssql_database",
      "name": "MSSQL-DB",
      "provider": "provider[\"registry.terraform.io/hashicorp/azurerm\"]",
      "instances": [
        {
          "index_key": "mysqldb1",
          "schema_version": 1,
          "attributes": {
            "auto_pause_delay_in_minutes": 0,
            "collation": "SQL_Latin1_General_CP1_CI_AS",
            "create_mode": "Default",
            "creation_source_database_id": null,
            "elastic_pool_id": "",
            "enclave_type": "VBS",
            "geo_backup_enabled": true,
            "id": "/subscriptions/e5efa2cd-02a5-4c7b-be99-6e2ae6d5feac/resourceGroups/todo-aks-rg/providers/Microsoft.Sql/servers/todo-aksmssqlserver007/databases/todo-aksmssqldb007",
            "identity": [],
            "import": [],
            "ledger_enabled": false,
            "license_type": "LicenseIncluded",
            "long_term_retention_policy": [
              {
                "immutable_backups_enabled": false,
                "monthly_retention": "PT0S",
                "week_of_year": 1,
                "weekly_retention": "PT0S",
                "yearly_retention": "PT0S"
              }
            ],
            "maintenance_configuration_name": "SQL_Default",
            "max_size_gb": 2,
            "min_capacity": 0,
            "name": "todo-aksmssqldb007",
            "read_replica_count": 0,
            "read_scale": false,
            "recover_database_id": null,
            "recovery_point_id": null,
            "restore_dropped_database_id": null,
            "restore_long_term_retention_backup_id": null,
            "restore_point_in_time": null,
            "sample_name": null,
            "secondary_type": "",
            "server_id": "/subscriptions/e5efa2cd-02a5-4c7b-be99-6e2ae6d5feac/resourceGroups/todo-aks-rg/providers/Microsoft.Sql/servers/todo-aksmssqlserver007",
            "short_term_retention_policy": [
              {
                "backup_interval_in_hours": 24,
                "retention_days": 7
              }
            ],
            "sku_name": "S0",
            "storage_account_type": "Geo",
            "tags": {
              "App": "todo-aks",
              "Env": "dev"
            },
            "threat_detection_policy": [
              {
                "disabled_alerts": [],
                "email_account_admins": "Disabled",
                "email_addresses": [],
                "retention_days": 0,
                "state": "Disabled",
                "storage_account_access_key": "",
                "storage_endpoint": ""
              }
            ],
            "timeouts": null,
            "transparent_data_encryption_enabled": true,
            "transparent_data_encryption_key_automatic_rotation_enabled": false,
            "transparent_data_encryption_key_vault_key_id": "",
            "zone_redundant": false
          },
          "sensitive_attributes": [
            [
              {
                "type": "get_attr",
                "value": "threat_detection_policy"
              },
              {
                "type": "index",
                "value": {
                  "value": 0,
                  "type": "number"
                }
              },
              {
                "type": "get_attr",
                "value": "storage_account_access_key"
              }
            ]
          ],
          "private": "eyJlMmJmYjczMC1lY2FhLTExZTYtOGY4OC0zNDM2M2JjN2M0YzAiOnsiY3JlYXRlIjozNjAwMDAwMDAwMDAwLCJkZWxldGUiOjM2MDAwMDAwMDAwMDAsInJlYWQiOjMwMDAwMDAwMDAwMCwidXBkYXRlIjozNjAwMDAwMDAwMDAwfSwic2NoZW1hX3ZlcnNpb24iOiIxIn0=",
          "dependencies": [
            "module.mssql_databases.data.azurerm_mssql_server.data-mssql-server",
            "module.mssql_servers.azurerm_mssql_server.MSSQL-SERVER",
            "module.resource_group.azurerm_resource_group.RG"
          ]
        }
      ]
    },
    {
      "module": "module.mssql_servers",
      "mode": "managed",
      "type": "azurerm_mssql_server",
      "name": "MSSQL-SERVER",
      "provider": "provider[\"registry.terraform.io/hashicorp/azurerm\"]",
      "instances": [
        {
          "index_key": "mssql1",
          "schema_version": 0,
          "attributes": {
            "administrator_login": "achinta",
            "administrator_login_password": "Satya@834068",
            "administrator_login_password_wo": null,
            "administrator_login_password_wo_version": 0,
            "azuread_administrator": [],
            "connection_policy": "Default",
            "express_vulnerability_assessment_enabled": false,
            "fully_qualified_domain_name": "todo-aksmssqlserver007.database.windows.net",
            "id": "/subscriptions/e5efa2cd-02a5-4c7b-be99-6e2ae6d5feac/resourceGroups/todo-aks-rg/providers/Microsoft.Sql/servers/todo-aksmssqlserver007",
            "identity": [],
            "location": "westus",
            "minimum_tls_version": "1.2",
            "name": "todo-aksmssqlserver007",
            "outbound_network_restriction_enabled": false,
            "primary_user_assigned_identity_id": "",
            "public_network_access_enabled": true,
            "resource_group_name": "todo-aks-rg",
            "restorable_dropped_database_ids": [],
            "tags": {
              "App": "todo-aks",
              "Env": "dev"
            },
            "timeouts": null,
            "transparent_data_encryption_key_vault_key_id": "",
            "version": "12.0"
          },
          "sensitive_attributes": [
            [
              {
                "type": "get_attr",
                "value": "administrator_login_password_wo"
              }
            ],
            [
              {
                "type": "get_attr",
                "value": "administrator_login_password"
              }
            ]
          ],
          "private": "eyJlMmJmYjczMC1lY2FhLTExZTYtOGY4OC0zNDM2M2JjN2M0YzAiOnsiY3JlYXRlIjozNjAwMDAwMDAwMDAwLCJkZWxldGUiOjM2MDAwMDAwMDAwMDAsInJlYWQiOjMwMDAwMDAwMDAwMCwidXBkYXRlIjozNjAwMDAwMDAwMDAwfX0=",
          "dependencies": [
            "module.resource_group.azurerm_resource_group.RG"
          ]
        }
      ]
    },
    {
      "module": "module.public_ip",
      "mode": "managed",
      "type": "azurerm_public_ip",
      "name": "public_ip",
      "provider": "provider[\"registry.terraform.io/hashicorp/azurerm\"]",
      "instances": [
        {
          "index_key": "pip1",
          "schema_version": 0,
          "attributes": {
            "allocation_method": "Static",
            "ddos_protection_mode": "VirtualNetworkInherited",
            "ddos_protection_plan_id": null,
            "domain_name_label": null,
            "domain_name_label_scope": null,
            "edge_zone": "",
            "fqdn": null,
            "id": "/subscriptions/e5efa2cd-02a5-4c7b-be99-6e2ae6d5feac/resourceGroups/todo-aks-rg/providers/Microsoft.Network/publicIPAddresses/todo-aks-pip",
            "idle_timeout_in_minutes": 4,
            "ip_address": "20.253.247.71",
            "ip_tags": null,
            "ip_version": "IPv4",
            "location": "westus",
            "name": "todo-aks-pip",
            "public_ip_prefix_id": null,
            "resource_group_name": "todo-aks-rg",
            "reverse_fqdn": null,
            "sku": "Standard",
            "sku_tier": "Regional",
            "tags": {
              "App": "todo-aks",
              "Env": "dev"
            },
            "timeouts": null,
            "zones": null
          },
          "sensitive_attributes": [],
          "private": "eyJlMmJmYjczMC1lY2FhLTExZTYtOGY4OC0zNDM2M2JjN2M0YzAiOnsiY3JlYXRlIjoxODAwMDAwMDAwMDAwLCJkZWxldGUiOjE4MDAwMDAwMDAwMDAsInJlYWQiOjMwMDAwMDAwMDAwMCwidXBkYXRlIjoxODAwMDAwMDAwMDAwfX0=",
          "dependencies": [
            "module.resource_group.azurerm_resource_group.RG"
          ]
        }
      ]
    },
    {
      "module": "module.resource_group",
      "mode": "managed",
      "type": "azurerm_resource_group",
      "name": "RG",
      "provider": "provider[\"registry.terraform.io/hashicorp/azurerm\"]",
      "instances": [
        {
          "index_key": "rg1",
          "schema_version": 0,
          "attributes": {
            "id": "/subscriptions/e5efa2cd-02a5-4c7b-be99-6e2ae6d5feac/resourceGroups/todo-aks-rg",
            "location": "westus",
            "managed_by": "",
            "name": "todo-aks-rg",
            "tags": {
              "App": "todo-aks",
              "Env": "dev"
            },
            "timeouts": null
          },
          "sensitive_attributes": [],
          "private": "eyJlMmJmYjczMC1lY2FhLTExZTYtOGY4OC0zNDM2M2JjN2M0YzAiOnsiY3JlYXRlIjo1NDAwMDAwMDAwMDAwLCJkZWxldGUiOjU0MDAwMDAwMDAwMDAsInJlYWQiOjMwMDAwMDAwMDAwMCwidXBkYXRlIjo1NDAwMDAwMDAwMDAwfX0="
        }
      ]
    },
    {
      "module": "module.virtual_network",
      "mode": "managed",
      "type": "azurerm_virtual_network",
      "name": "VNET",
      "provider": "provider[\"registry.terraform.io/hashicorp/azurerm\"]",
      "instances": [
        {
          "index_key": "vnet1",
          "schema_version": 0,
          "attributes": {
            "address_space": [
              "10.0.0.0/16"
            ],
            "bgp_community": "",
            "ddos_protection_plan": [],
            "dns_servers": [],
            "edge_zone": "",
            "encryption": [],
            "flow_timeout_in_minutes": 0,
            "guid": "dfe42185-03a3-4697-8a96-b53db52d01f0",
            "id": "/subscriptions/e5efa2cd-02a5-4c7b-be99-6e2ae6d5feac/resourceGroups/todo-aks-rg/providers/Microsoft.Network/virtualNetworks/todo-aks-vnet",
            "ip_address_pool": [],
            "location": "westus",
            "name": "todo-aks-vnet",
            "private_endpoint_vnet_policies": "Disabled",
            "resource_group_name": "todo-aks-rg",
            "subnet": [
              {
                "address_prefixes": [
                  "10.0.1.0/24"
                ],
                "default_outbound_access_enabled": true,
                "delegation": [],
                "id": "/subscriptions/e5efa2cd-02a5-4c7b-be99-6e2ae6d5feac/resourceGroups/todo-aks-rg/providers/Microsoft.Network/virtualNetworks/todo-aks-vnet/subnets/todo-aks-subnet",
                "name": "todo-aks-subnet",
                "private_endpoint_network_policies": "Disabled",
                "private_link_service_network_policies_enabled": true,
                "route_table_id": "",
                "security_group": "",
                "service_endpoint_policy_ids": [],
                "service_endpoints": []
              },
              {
                "address_prefixes": [
                  "10.0.2.0/24"
                ],
                "default_outbound_access_enabled": true,
                "delegation": [],
                "id": "/subscriptions/e5efa2cd-02a5-4c7b-be99-6e2ae6d5feac/resourceGroups/todo-aks-rg/providers/Microsoft.Network/virtualNetworks/todo-aks-vnet/subnets/appgw-subnet",
                "name": "appgw-subnet",
                "private_endpoint_network_policies": "Disabled",
                "private_link_service_network_policies_enabled": true,
                "route_table_id": "",
                "security_group": "",
                "service_endpoint_policy_ids": [],
                "service_endpoints": []
              }
            ],
            "tags": {
              "App": "todo-aks",
              "Env": "dev"
            },
            "timeouts": null
          },
          "sensitive_attributes": [],
          "private": "eyJlMmJmYjczMC1lY2FhLTExZTYtOGY4OC0zNDM2M2JjN2M0YzAiOnsiY3JlYXRlIjoxODAwMDAwMDAwMDAwLCJkZWxldGUiOjE4MDAwMDAwMDAwMDAsInJlYWQiOjMwMDAwMDAwMDAwMCwidXBkYXRlIjoxODAwMDAwMDAwMDAwfX0=",
          "dependencies": [
            "module.resource_group.azurerm_resource_group.RG"
          ]
        }
      ]
    }
  ],
  "check_results": null
}
